Microsoft Visual Studio Solution File, Format Version 12.00
# Visual Studio Version 17
VisualStudioVersion = 17.0.31903.59
MinimumVisualStudioVersion = 10.0.40219.1
Project("{2150E333-8FDC-42A3-9474-1A3956D46DE8}") = "src", "src", "{301296EC-54FF-4ADC-B2D1-281E0C7F2867}"
EndProject
Project("{2150E333-8FDC-42A3-9474-1A3956D46DE8}") = "Testing", "Testing", "{B3006458-C6D6-4BB5-A280-C3720E714E02}"
EndProject
Project("{2150E333-8FDC-42A3-9474-1A3956D46DE8}") = "Solution Items", "Solution Items", "{804E5EA2-22B3-4327-B260-213B2E733508}"
	ProjectSection(SolutionItems) = preProject
		.editorconfig = .editorconfig
		Directory.Build.props = Directory.Build.props
		Directory.Build.targets = Directory.Build.targets
		global.json = global.json
		NuGet.config = NuGet.config
		testEnvironments.json = testEnvironments.json
		eng\Version.Details.xml = eng\Version.Details.xml
		eng\Versions.props = eng\Versions.props
	EndProjectSection
EndProject
Project("{2150E333-8FDC-42A3-9474-1A3956D46DE8}") = "Diagnostics", "Diagnostics", "{FB9718C9-18B4-4AD3-A0D8-1EA93382334B}"
EndProject
Project("{9A19103F-16F7-4668-BE54-9A1E7A4F7556}") = "Microsoft.Extensions.ExceptionSummarization.Sample", "src\Diagnostics\ExceptionSummarization\Microsoft.Extensions.ExceptionSummarization.Sample.csproj", "{DBA6097F-1B60-49B8-8DDB-FACD96010B2B}"
EndProject
Project("{9A19103F-16F7-4668-BE54-9A1E7A4F7556}") = "Microsoft.Extensions.Compliance.Testing.Tests", "src\Testing\ComplianceRedaction\Microsoft.Extensions.Compliance.Testing.Tests.csproj", "{1E9B5F0A-F3D1-4D7D-A1D0-709D5339EA2C}"
EndProject
Project("{2150E333-8FDC-42A3-9474-1A3956D46DE8}") = "Telemetry", "Telemetry", "{72B462BA-F903-4CA7-8A0A-6C030BE408BC}"
EndProject
Project("{2150E333-8FDC-42A3-9474-1A3956D46DE8}") = "LatencyMeasurement", "LatencyMeasurement", "{CBA4C7B6-6F01-4BD4-BC90-7DB1F1D5034C}"
EndProject
Project("{9A19103F-16F7-4668-BE54-9A1E7A4F7556}") = "LatencyContext", "src\Telemetry\LatencyMeasurement\LatencyContext\LatencyContext.csproj", "{F8A03BBA-9846-4C9B-A4BE-9CBE8B416974}"
EndProject
Project("{2150E333-8FDC-42A3-9474-1A3956D46DE8}") = "Logging", "Logging", "{248CB37C-2412-4231-96C0-092413C10D4B}"
	ProjectSection(SolutionItems) = preProject
		src\Telemetry\Logging\Directory.Build.props = src\Telemetry\Logging\Directory.Build.props
	EndProjectSection
EndProject
Project("{2150E333-8FDC-42A3-9474-1A3956D46DE8}") = "ComplexObjectLogging", "ComplexObjectLogging", "{2B4A9009-DB4D-497A-BA1A-23A18EBC32E8}"
EndProject
Project("{9A19103F-16F7-4668-BE54-9A1E7A4F7556}") = "ComplexObjectLogging", "src\Telemetry\Logging\ComplexObjectLogging\ComplexObjectLogging.csproj", "{75034993-150B-4940-B633-4FEF73E30401}"
EndProject
Project("{2150E333-8FDC-42A3-9474-1A3956D46DE8}") = "Metering", "Metering", "{2AC2A977-1FB9-46C6-8D25-186BA67F3290}"
EndProject
Project("{2150E333-8FDC-42A3-9474-1A3956D46DE8}") = "HttpClientLogging", "HttpClientLogging", "{01EA865B-B3B0-4A2F-8361-8E59C004653B}"
EndProject
Project("{9A19103F-16F7-4668-BE54-9A1E7A4F7556}") = "Metrics.Generators", "src\Telemetry\Metering\Metrics.Generators\Metrics.Generators.csproj", "{51040EAD-75AB-4169-A171-D90C25D82EA8}"
EndProject
Project("{9A19103F-16F7-4668-BE54-9A1E7A4F7556}") = "HttpClientLogging", "src\Telemetry\Logging\HttpClientLogging\HttpClientLogging.csproj", "{A8922F1D-0A30-45DA-ADD2-927455CB6549}"
EndProject
Project("{2150E333-8FDC-42A3-9474-1A3956D46DE8}") = "HttpLogging", "HttpLogging", "{175F98E5-AFE8-4978-A512-EB84AD660208}"
EndProject
Project("{9A19103F-16F7-4668-BE54-9A1E7A4F7556}") = "HttpLogging", "src\Telemetry\Logging\HttpLogging\HttpLogging.csproj", "{931A6585-1085-4185-AE12-78BBA87F2A73}"
EndProject
Project("{2150E333-8FDC-42A3-9474-1A3956D46DE8}") = "Compliance", "Compliance", "{C42F13CB-E8D9-4A37-BFCC-A50458509D69}"
EndProject
Project("{9A19103F-16F7-4668-BE54-9A1E7A4F7556}") = "AuditReports", "src\Compliance\AuditReports\AuditReports.csproj", "{9B5FB8C7-27BA-4397-B4B8-DD0B0D525CB2}"
EndProject
Project("{FAE04EC0-301F-11D3-BF4B-00C04F79EFBC}") = "LogSampling", "src\Telemetry\Logging\LogSampling\LogSampling.csproj", "{1A8652E7-EA1D-49AF-98B3-56D655F759B6}"
EndProject
Project("{FAE04EC0-301F-11D3-BF4B-00C04F79EFBC}") = "ResourceMonitoring", "src\Diagnostics\ResourceMonitoring\ResourceMonitoring.csproj", "{6D431512-48DD-F38B-8356-3A4877BFD81D}"
EndProject
Project("{2150E333-8FDC-42A3-9474-1A3956D46DE8}") = "LogSampling", "LogSampling", "{02EA681E-C7D8-13C7-8484-4AC65E1B71E8}"
EndProject
Project("{2150E333-8FDC-42A3-9474-1A3956D46DE8}") = "LogBuffering", "LogBuffering", "{47653C1D-E48B-4AF0-9D82-850D3B3EF9A0}"
EndProject
Project("{FAE04EC0-301F-11D3-BF4B-00C04F79EFBC}") = "LogBuffering", "src\Telemetry\Logging\LogBuffering\LogBuffering.csproj", "{FC23F26D-6039-4631-BF7B-6FE650D157DA}"
EndProject
Global
	GlobalSection(SolutionConfigurationPlatforms) = preSolution
		Debug|Any CPU = Debug|Any CPU
		Release|Any CPU = Release|Any CPU
	EndGlobalSection
	GlobalSection(ProjectConfigurationPlatforms) = postSolution
		{DBA6097F-1B60-49B8-8DDB-FACD96010B2B}.Debug|Any CPU.ActiveCfg = Debug|Any CPU
		{DBA6097F-1B60-49B8-8DDB-FACD96010B2B}.Debug|Any CPU.Build.0 = Debug|Any CPU
		{DBA6097F-1B60-49B8-8DDB-FACD96010B2B}.Release|Any CPU.ActiveCfg = Release|Any CPU
		{DBA6097F-1B60-49B8-8DDB-FACD96010B2B}.Release|Any CPU.Build.0 = Release|Any CPU
		{1E9B5F0A-F3D1-4D7D-A1D0-709D5339EA2C}.Debug|Any CPU.ActiveCfg = Debug|Any CPU
		{1E9B5F0A-F3D1-4D7D-A1D0-709D5339EA2C}.Debug|Any CPU.Build.0 = Debug|Any CPU
		{1E9B5F0A-F3D1-4D7D-A1D0-709D5339EA2C}.Release|Any CPU.ActiveCfg = Release|Any CPU
		{1E9B5F0A-F3D1-4D7D-A1D0-709D5339EA2C}.Release|Any CPU.Build.0 = Release|Any CPU
		{F8A03BBA-9846-4C9B-A4BE-9CBE8B416974}.Debug|Any CPU.ActiveCfg = Debug|Any CPU
		{F8A03BBA-9846-4C9B-A4BE-9CBE8B416974}.Debug|Any CPU.Build.0 = Debug|Any CPU
		{F8A03BBA-9846-4C9B-A4BE-9CBE8B416974}.Release|Any CPU.ActiveCfg = Release|Any CPU
		{F8A03BBA-9846-4C9B-A4BE-9CBE8B416974}.Release|Any CPU.Build.0 = Release|Any CPU
		{75034993-150B-4940-B633-4FEF73E30401}.Debug|Any CPU.ActiveCfg = Debug|Any CPU
		{75034993-150B-4940-B633-4FEF73E30401}.Debug|Any CPU.Build.0 = Debug|Any CPU
		{75034993-150B-4940-B633-4FEF73E30401}.Release|Any CPU.ActiveCfg = Release|Any CPU
		{75034993-150B-4940-B633-4FEF73E30401}.Release|Any CPU.Build.0 = Release|Any CPU
		{51040EAD-75AB-4169-A171-D90C25D82EA8}.Debug|Any CPU.ActiveCfg = Debug|Any CPU
		{51040EAD-75AB-4169-A171-D90C25D82EA8}.Debug|Any CPU.Build.0 = Debug|Any CPU
		{51040EAD-75AB-4169-A171-D90C25D82EA8}.Release|Any CPU.ActiveCfg = Release|Any CPU
		{51040EAD-75AB-4169-A171-D90C25D82EA8}.Release|Any CPU.Build.0 = Release|Any CPU
		{A8922F1D-0A30-45DA-ADD2-927455CB6549}.Debug|Any CPU.ActiveCfg = Debug|Any CPU
		{A8922F1D-0A30-45DA-ADD2-927455CB6549}.Debug|Any CPU.Build.0 = Debug|Any CPU
		{A8922F1D-0A30-45DA-ADD2-927455CB6549}.Release|Any CPU.ActiveCfg = Release|Any CPU
		{A8922F1D-0A30-45DA-ADD2-927455CB6549}.Release|Any CPU.Build.0 = Release|Any CPU
		{931A6585-1085-4185-AE12-78BBA87F2A73}.Debug|Any CPU.ActiveCfg = Debug|Any CPU
		{931A6585-1085-4185-AE12-78BBA87F2A73}.Debug|Any CPU.Build.0 = Debug|Any CPU
		{931A6585-1085-4185-AE12-78BBA87F2A73}.Release|Any CPU.ActiveCfg = Release|Any CPU
		{931A6585-1085-4185-AE12-78BBA87F2A73}.Release|Any CPU.Build.0 = Release|Any CPU
		{9B5FB8C7-27BA-4397-B4B8-DD0B0D525CB2}.Debug|Any CPU.ActiveCfg = Debug|Any CPU
		{9B5FB8C7-27BA-4397-B4B8-DD0B0D525CB2}.Debug|Any CPU.Build.0 = Debug|Any CPU
		{9B5FB8C7-27BA-4397-B4B8-DD0B0D525CB2}.Release|Any CPU.ActiveCfg = Release|Any CPU
		{9B5FB8C7-27BA-4397-B4B8-DD0B0D525CB2}.Release|Any CPU.Build.0 = Release|Any CPU
		{1A8652E7-EA1D-49AF-98B3-56D655F759B6}.Debug|Any CPU.ActiveCfg = Debug|Any CPU
		{1A8652E7-EA1D-49AF-98B3-56D655F759B6}.Debug|Any CPU.Build.0 = Debug|Any CPU
		{1A8652E7-EA1D-49AF-98B3-56D655F759B6}.Release|Any CPU.ActiveCfg = Release|Any CPU
		{1A8652E7-EA1D-49AF-98B3-56D655F759B6}.Release|Any CPU.Build.0 = Release|Any CPU
		{6D431512-48DD-F38B-8356-3A4877BFD81D}.Debug|Any CPU.ActiveCfg = Debug|Any CPU
		{6D431512-48DD-F38B-8356-3A4877BFD81D}.Debug|Any CPU.Build.0 = Debug|Any CPU
		{6D431512-48DD-F38B-8356-3A4877BFD81D}.Release|Any CPU.ActiveCfg = Release|Any CPU
		{6D431512-48DD-F38B-8356-3A4877BFD81D}.Release|Any CPU.Build.0 = Release|Any CPU
		{FC23F26D-6039-4631-BF7B-6FE650D157DA}.Debug|Any CPU.ActiveCfg = Debug|Any CPU
		{FC23F26D-6039-4631-BF7B-6FE650D157DA}.Debug|Any CPU.Build.0 = Debug|Any CPU
		{FC23F26D-6039-4631-BF7B-6FE650D157DA}.Release|Any CPU.ActiveCfg = Release|Any CPU
		{FC23F26D-6039-4631-BF7B-6FE650D157DA}.Release|Any CPU.Build.0 = Release|Any CPU
	EndGlobalSection
	GlobalSection(SolutionProperties) = preSolution
		HideSolutionNode = FALSE
	EndGlobalSection
	GlobalSection(NestedProjects) = preSolution
		{B3006458-C6D6-4BB5-A280-C3720E714E02} = {301296EC-54FF-4ADC-B2D1-281E0C7F2867}
		{FB9718C9-18B4-4AD3-A0D8-1EA93382334B} = {301296EC-54FF-4ADC-B2D1-281E0C7F2867}
		{DBA6097F-1B60-49B8-8DDB-FACD96010B2B} = {FB9718C9-18B4-4AD3-A0D8-1EA93382334B}
		{1E9B5F0A-F3D1-4D7D-A1D0-709D5339EA2C} = {B3006458-C6D6-4BB5-A280-C3720E714E02}
		{72B462BA-F903-4CA7-8A0A-6C030BE408BC} = {301296EC-54FF-4ADC-B2D1-281E0C7F2867}
		{CBA4C7B6-6F01-4BD4-BC90-7DB1F1D5034C} = {72B462BA-F903-4CA7-8A0A-6C030BE408BC}
		{F8A03BBA-9846-4C9B-A4BE-9CBE8B416974} = {CBA4C7B6-6F01-4BD4-BC90-7DB1F1D5034C}
		{248CB37C-2412-4231-96C0-092413C10D4B} = {72B462BA-F903-4CA7-8A0A-6C030BE408BC}
		{2B4A9009-DB4D-497A-BA1A-23A18EBC32E8} = {248CB37C-2412-4231-96C0-092413C10D4B}
		{75034993-150B-4940-B633-4FEF73E30401} = {2B4A9009-DB4D-497A-BA1A-23A18EBC32E8}
		{2AC2A977-1FB9-46C6-8D25-186BA67F3290} = {72B462BA-F903-4CA7-8A0A-6C030BE408BC}
		{01EA865B-B3B0-4A2F-8361-8E59C004653B} = {248CB37C-2412-4231-96C0-092413C10D4B}
		{51040EAD-75AB-4169-A171-D90C25D82EA8} = {2AC2A977-1FB9-46C6-8D25-186BA67F3290}
		{A8922F1D-0A30-45DA-ADD2-927455CB6549} = {01EA865B-B3B0-4A2F-8361-8E59C004653B}
		{175F98E5-AFE8-4978-A512-EB84AD660208} = {248CB37C-2412-4231-96C0-092413C10D4B}
		{931A6585-1085-4185-AE12-78BBA87F2A73} = {175F98E5-AFE8-4978-A512-EB84AD660208}
		{C42F13CB-E8D9-4A37-BFCC-A50458509D69} = {301296EC-54FF-4ADC-B2D1-281E0C7F2867}
		{9B5FB8C7-27BA-4397-B4B8-DD0B0D525CB2} = {C42F13CB-E8D9-4A37-BFCC-A50458509D69}
		{1A8652E7-EA1D-49AF-98B3-56D655F759B6} = {02EA681E-C7D8-13C7-8484-4AC65E1B71E8}
		{6D431512-48DD-F38B-8356-3A4877BFD81D} = {FB9718C9-18B4-4AD3-A0D8-1EA93382334B}
		{02EA681E-C7D8-13C7-8484-4AC65E1B71E8} = {248CB37C-2412-4231-96C0-092413C10D4B}
		{47653C1D-E48B-4AF0-9D82-850D3B3EF9A0} = {248CB37C-2412-4231-96C0-092413C10D4B}
		{FC23F26D-6039-4631-BF7B-6FE650D157DA} = {47653C1D-E48B-4AF0-9D82-850D3B3EF9A0}
	EndGlobalSection
	GlobalSection(ExtensibilityGlobals) = postSolution
		SolutionGuid = {6083D400-BF26-4ACE-86A8-778D26A8FA6A}
	EndGlobalSection
EndGlobal
