
Microsoft Visual Studio Solution File, Format Version 12.00
# Visual Studio Version 17
VisualStudioVersion = 17.0.31903.59
MinimumVisualStudioVersion = 10.0.40219.1
Project("{9A19103F-16F7-4668-BE54-9A1E7A4F7556}") = "FakeRedaction.Tests", "src\Testing\FakeRedaction.Tests\FakeRedaction.Tests.csproj", "{37E6D74C-6B72-4424-BF44-E9C4A1F8C003}"
EndProject
Project("{2150E333-8FDC-42A3-9474-1A3956D46DE8}") = "src", "src", "{301296EC-54FF-4ADC-B2D1-281E0C7F2867}"
EndProject
Project("{2150E333-8FDC-42A3-9474-1A3956D46DE8}") = "Libraries", "Libraries", "{7C5E1DC5-56A2-48A2-9B10-C6618CBE776E}"
EndProject
Project("{9A19103F-16F7-4668-BE54-9A1E7A4F7556}") = "Microsoft.Extensions.ExceptionSummarization.Sample", "src\Libraries\Microsoft.Extensions.ExceptionSummarization.Sample\Microsoft.Extensions.ExceptionSummarization.Sample.csproj", "{26562E78-4251-44AB-A491-C779BF65B56B}"
EndProject
Project("{2150E333-8FDC-42A3-9474-1A3956D46DE8}") = "Testing", "Testing", "{B3006458-C6D6-4BB5-A280-C3720E714E02}"
EndProject
Global
	GlobalSection(SolutionConfigurationPlatforms) = preSolution
		Debug|Any CPU = Debug|Any CPU
		Release|Any CPU = Release|Any CPU
	EndGlobalSection
	GlobalSection(ProjectConfigurationPlatforms) = postSolution
		{37E6D74C-6B72-4424-BF44-E9C4A1F8C003}.Debug|Any CPU.ActiveCfg = Debug|Any CPU
		{37E6D74C-6B72-4424-BF44-E9C4A1F8C003}.Debug|Any CPU.Build.0 = Debug|Any CPU
		{37E6D74C-6B72-4424-BF44-E9C4A1F8C003}.Release|Any CPU.ActiveCfg = Release|Any CPU
		{37E6D74C-6B72-4424-BF44-E9C4A1F8C003}.Release|Any CPU.Build.0 = Release|Any CPU
		{26562E78-4251-44AB-A491-C779BF65B56B}.Debug|Any CPU.ActiveCfg = Debug|Any CPU
		{26562E78-4251-44AB-A491-C779BF65B56B}.Debug|Any CPU.Build.0 = Debug|Any CPU
		{26562E78-4251-44AB-A491-C779BF65B56B}.Release|Any CPU.ActiveCfg = Release|Any CPU
		{26562E78-4251-44AB-A491-C779BF65B56B}.Release|Any CPU.Build.0 = Release|Any CPU
	EndGlobalSection
	GlobalSection(SolutionProperties) = preSolution
		HideSolutionNode = FALSE
	EndGlobalSection
	GlobalSection(NestedProjects) = preSolution
		{37E6D74C-6B72-4424-BF44-E9C4A1F8C003} = {B3006458-C6D6-4BB5-A280-C3720E714E02}
		{7C5E1DC5-56A2-48A2-9B10-C6618CBE776E} = {301296EC-54FF-4ADC-B2D1-281E0C7F2867}
		{26562E78-4251-44AB-A491-C779BF65B56B} = {7C5E1DC5-56A2-48A2-9B10-C6618CBE776E}
		{B3006458-C6D6-4BB5-A280-C3720E714E02} = {301296EC-54FF-4ADC-B2D1-281E0C7F2867}
	EndGlobalSection
	GlobalSection(ExtensibilityGlobals) = postSolution
		SolutionGuid = {6083D400-BF26-4ACE-86A8-778D26A8FA6A}
	EndGlobalSection
EndGlobal
